// !$*UTF8*$!
{
	archiveVersion = 1;
	classes = {
	};
	objectVersion = 50;
	objects = {

/* Begin PBXBuildFile section */
		19F98C2620EF5FC0000BE9C5 /* AppDelegate.swift in Sources */ = {isa = PBXBuildFile; fileRef = 19F98C2520EF5FC0000BE9C5 /* AppDelegate.swift */; };
		19F98C2820EF5FC0000BE9C5 /* ViewController.swift in Sources */ = {isa = PBXBuildFile; fileRef = 19F98C2720EF5FC0000BE9C5 /* ViewController.swift */; };
		19F98C2B20EF5FC0000BE9C5 /* Main.storyboard in Resources */ = {isa = PBXBuildFile; fileRef = 19F98C2920EF5FC0000BE9C5 /* Main.storyboard */; };
		19F98C2D20EF5FC1000BE9C5 /* Assets.xcassets in Resources */ = {isa = PBXBuildFile; fileRef = 19F98C2C20EF5FC1000BE9C5 /* Assets.xcassets */; };
		19F98C3020EF5FC1000BE9C5 /* LaunchScreen.storyboard in Resources */ = {isa = PBXBuildFile; fileRef = 19F98C2E20EF5FC1000BE9C5 /* LaunchScreen.storyboard */; };
		19F98C3820EF605E000BE9C5 /* State.swift in Sources */ = {isa = PBXBuildFile; fileRef = 19F98C3720EF605E000BE9C5 /* State.swift */; };
		19F98C4020EF667B000BE9C5 /* Study_ReSwiftTests.swift in Sources */ = {isa = PBXBuildFile; fileRef = 19F98C3F20EF667B000BE9C5 /* Study_ReSwiftTests.swift */; };
		80191DDEAA87B21078AF7FE3 /* Pods_Study_ReSwift.framework in Frameworks */ = {isa = PBXBuildFile; fileRef = 4B9DA49F41F64DCEFCB64DB7 /* Pods_Study_ReSwift.framework */; };
/* End PBXBuildFile section */

/* Begin PBXContainerItemProxy section */
		19F98C4220EF667B000BE9C5 /* PBXContainerItemProxy */ = {
			isa = PBXContainerItemProxy;
			containerPortal = 19F98C1A20EF5FC0000BE9C5 /* Project object */;
			proxyType = 1;
			remoteGlobalIDString = 19F98C2120EF5FC0000BE9C5;
			remoteInfo = "Study-ReSwift";
		};
/* End PBXContainerItemProxy section */

/* Begin PBXFileReference section */
		19B4D98AFDA307A0426A6805 /* Pods-Study-ReSwift.debug.xcconfig */ = {isa = PBXFileReference; includeInIndex = 1; lastKnownFileType = text.xcconfig; name = "Pods-Study-ReSwift.debug.xcconfig"; path = "Pods/Target Support Files/Pods-Study-ReSwift/Pods-Study-ReSwift.debug.xcconfig"; sourceTree = "<group>"; };
		19F98C2220EF5FC0000BE9C5 /* Study-ReSwift.app */ = {isa = PBXFileReference; explicitFileType = wrapper.application; includeInIndex = 0; path = "Study-ReSwift.app"; sourceTree = BUILT_PRODUCTS_DIR; };
		19F98C2520EF5FC0000BE9C5 /* AppDelegate.swift */ = {isa = PBXFileReference; lastKnownFileType = sourcecode.swift; path = AppDelegate.swift; sourceTree = "<group>"; };
		19F98C2720EF5FC0000BE9C5 /* ViewController.swift */ = {isa = PBXFileReference; lastKnownFileType = sourcecode.swift; path = ViewController.swift; sourceTree = "<group>"; };
		19F98C2A20EF5FC0000BE9C5 /* Base */ = {isa = PBXFileReference; lastKnownFileType = file.storyboard; name = Base; path = Base.lproj/Main.storyboard; sourceTree = "<group>"; };
		19F98C2C20EF5FC1000BE9C5 /* Assets.xcassets */ = {isa = PBXFileReference; lastKnownFileType = folder.assetcatalog; path = Assets.xcassets; sourceTree = "<group>"; };
		19F98C2F20EF5FC1000BE9C5 /* Base */ = {isa = PBXFileReference; lastKnownFileType = file.storyboard; name = Base; path = Base.lproj/LaunchScreen.storyboard; sourceTree = "<group>"; };
		19F98C3120EF5FC1000BE9C5 /* Info.plist */ = {isa = PBXFileReference; lastKnownFileType = text.plist.xml; path = Info.plist; sourceTree = "<group>"; };
		19F98C3720EF605E000BE9C5 /* State.swift */ = {isa = PBXFileReference; lastKnownFileType = sourcecode.swift; path = State.swift; sourceTree = "<group>"; };
		19F98C3D20EF667B000BE9C5 /* Study-ReSwiftTests.xctest */ = {isa = PBXFileReference; explicitFileType = wrapper.cfbundle; includeInIndex = 0; path = "Study-ReSwiftTests.xctest"; sourceTree = BUILT_PRODUCTS_DIR; };
		19F98C3F20EF667B000BE9C5 /* Study_ReSwiftTests.swift */ = {isa = PBXFileReference; lastKnownFileType = sourcecode.swift; path = Study_ReSwiftTests.swift; sourceTree = "<group>"; };
		19F98C4120EF667B000BE9C5 /* Info.plist */ = {isa = PBXFileReference; lastKnownFileType = text.plist.xml; path = Info.plist; sourceTree = "<group>"; };
		4B9DA49F41F64DCEFCB64DB7 /* Pods_Study_ReSwift.framework */ = {isa = PBXFileReference; explicitFileType = wrapper.framework; includeInIndex = 0; path = Pods_Study_ReSwift.framework; sourceTree = BUILT_PRODUCTS_DIR; };
		C55154323F26F1606205F4B5 /* Pods-Study-ReSwift.release.xcconfig */ = {isa = PBXFileReference; includeInIndex = 1; lastKnownFileType = text.xcconfig; name = "Pods-Study-ReSwift.release.xcconfig"; path = "Pods/Target Support Files/Pods-Study-ReSwift/Pods-Study-ReSwift.release.xcconfig"; sourceTree = "<group>"; };
/* End PBXFileReference section */

/* Begin PBXFrameworksBuildPhase section */
		19F98C1F20EF5FC0000BE9C5 /* Frameworks */ = {
			isa = PBXFrameworksBuildPhase;
			buildActionMask = 2147483647;
			files = (
				80191DDEAA87B21078AF7FE3 /* Pods_Study_ReSwift.framework in Frameworks */,
			);
			runOnlyForDeploymentPostprocessing = 0;
		};
		19F98C3A20EF667B000BE9C5 /* Frameworks */ = {
			isa = PBXFrameworksBuildPhase;
			buildActionMask = 2147483647;
			files = (
			);
			runOnlyForDeploymentPostprocessing = 0;
		};
/* End PBXFrameworksBuildPhase section */

/* Begin PBXGroup section */
		19F98C1920EF5FC0000BE9C5 = {
			isa = PBXGroup;
			children = (
				19F98C2420EF5FC0000BE9C5 /* Study-ReSwift */,
				19F98C3E20EF667B000BE9C5 /* Study-ReSwiftTests */,
				19F98C2320EF5FC0000BE9C5 /* Products */,
				6264C0AE465CC81ADF06EE53 /* Pods */,
				906AC1849986F71A1CC5F693 /* Frameworks */,
			);
			sourceTree = "<group>";
		};
		19F98C2320EF5FC0000BE9C5 /* Products */ = {
			isa = PBXGroup;
			children = (
				19F98C2220EF5FC0000BE9C5 /* Study-ReSwift.app */,
				19F98C3D20EF667B000BE9C5 /* Study-ReSwiftTests.xctest */,
			);
			name = Products;
			sourceTree = "<group>";
		};
		19F98C2420EF5FC0000BE9C5 /* Study-ReSwift */ = {
			isa = PBXGroup;
			children = (
				19F98C2520EF5FC0000BE9C5 /* AppDelegate.swift */,
				19F98C2720EF5FC0000BE9C5 /* ViewController.swift */,
				19F98C2920EF5FC0000BE9C5 /* Main.storyboard */,
				19F98C2C20EF5FC1000BE9C5 /* Assets.xcassets */,
				19F98C2E20EF5FC1000BE9C5 /* LaunchScreen.storyboard */,
				19F98C3120EF5FC1000BE9C5 /* Info.plist */,
				19F98C3720EF605E000BE9C5 /* State.swift */,
			);
			path = "Study-ReSwift";
			sourceTree = "<group>";
		};
		19F98C3E20EF667B000BE9C5 /* Study-ReSwiftTests */ = {
			isa = PBXGroup;
			children = (
				19F98C3F20EF667B000BE9C5 /* Study_ReSwiftTests.swift */,
				19F98C4120EF667B000BE9C5 /* Info.plist */,
			);
			path = "Study-ReSwiftTests";
			sourceTree = "<group>";
		};
		6264C0AE465CC81ADF06EE53 /* Pods */ = {
			isa = PBXGroup;
			children = (
				19B4D98AFDA307A0426A6805 /* Pods-Study-ReSwift.debug.xcconfig */,
				C55154323F26F1606205F4B5 /* Pods-Study-ReSwift.release.xcconfig */,
			);
			name = Pods;
			sourceTree = "<group>";
		};
		906AC1849986F71A1CC5F693 /* Frameworks */ = {
			isa = PBXGroup;
			children = (
				4B9DA49F41F64DCEFCB64DB7 /* Pods_Study_ReSwift.framework */,
			);
			name = Frameworks;
			sourceTree = "<group>";
		};
/* End PBXGroup section */

/* Begin PBXNativeTarget section */
		19F98C2120EF5FC0000BE9C5 /* Study-ReSwift */ = {
			isa = PBXNativeTarget;
			buildConfigurationList = 19F98C3420EF5FC1000BE9C5 /* Build configuration list for PBXNativeTarget "Study-ReSwift" */;
			buildPhases = (
				A57AA28347F2E52DC1EA38DE /* [CP] Check Pods Manifest.lock */,
				19F98C1E20EF5FC0000BE9C5 /* Sources */,
				19F98C1F20EF5FC0000BE9C5 /* Frameworks */,
				19F98C2020EF5FC0000BE9C5 /* Resources */,
				3AD43741BE33B84DF73DEAE9 /* [CP] Embed Pods Frameworks */,
			);
			buildRules = (
			);
			dependencies = (
			);
			name = "Study-ReSwift";
			productName = "Study-ReSwift";
			productReference = 19F98C2220EF5FC0000BE9C5 /* Study-ReSwift.app */;
			productType = "com.apple.product-type.application";
		};
		19F98C3C20EF667B000BE9C5 /* Study-ReSwiftTests */ = {
			isa = PBXNativeTarget;
			buildConfigurationList = 19F98C4420EF667B000BE9C5 /* Build configuration list for PBXNativeTarget "Study-ReSwiftTests" */;
			buildPhases = (
				19F98C3920EF667B000BE9C5 /* Sources */,
				19F98C3A20EF667B000BE9C5 /* Frameworks */,
				19F98C3B20EF667B000BE9C5 /* Resources */,
			);
			buildRules = (
			);
			dependencies = (
				19F98C4320EF667B000BE9C5 /* PBXTargetDependency */,
			);
			name = "Study-ReSwiftTests";
			productName = "Study-ReSwiftTests";
			productReference = 19F98C3D20EF667B000BE9C5 /* Study-ReSwiftTests.xctest */;
			productType = "com.apple.product-type.bundle.unit-test";
		};
/* End PBXNativeTarget section */

/* Begin PBXProject section */
		19F98C1A20EF5FC0000BE9C5 /* Project object */ = {
			isa = PBXProject;
			attributes = {
				LastSwiftUpdateCheck = 0940;
				LastUpgradeCheck = 0940;
				ORGANIZATIONNAME = "Takayuki Sei";
				TargetAttributes = {
					19F98C2120EF5FC0000BE9C5 = {
						CreatedOnToolsVersion = 9.4.1;
					};
					19F98C3C20EF667B000BE9C5 = {
						CreatedOnToolsVersion = 9.4.1;
						TestTargetID = 19F98C2120EF5FC0000BE9C5;
					};
				};
			};
			buildConfigurationList = 19F98C1D20EF5FC0000BE9C5 /* Build configuration list for PBXProject "Study-ReSwift" */;
			compatibilityVersion = "Xcode 9.3";
			developmentRegion = en;
			hasScannedForEncodings = 0;
			knownRegions = (
				en,
				Base,
			);
			mainGroup = 19F98C1920EF5FC0000BE9C5;
			productRefGroup = 19F98C2320EF5FC0000BE9C5 /* Products */;
			projectDirPath = "";
			projectRoot = "";
			targets = (
				19F98C2120EF5FC0000BE9C5 /* Study-ReSwift */,
				19F98C3C20EF667B000BE9C5 /* Study-ReSwiftTests */,
			);
		};
/* End PBXProject section */

/* Begin PBXResourcesBuildPhase section */
		19F98C2020EF5FC0000BE9C5 /* Resources */ = {
			isa = PBXResourcesBuildPhase;
			buildActionMask = 2147483647;
			files = (
				19F98C3020EF5FC1000BE9C5 /* LaunchScreen.storyboard in Resources */,
				19F98C2D20EF5FC1000BE9C5 /* Assets.xcassets in Resources */,
				19F98C2B20EF5FC0000BE9C5 /* Main.storyboard in Resources */,
			);
			runOnlyForDeploymentPostprocessing = 0;
		};
		19F98C3B20EF667B000BE9C5 /* Resources */ = {
			isa = PBXResourcesBuildPhase;
			buildActionMask = 2147483647;
			files = (
			);
			runOnlyForDeploymentPostprocessing = 0;
		};
/* End PBXResourcesBuildPhase section */

/* Begin PBXShellScriptBuildPhase section */
		3AD43741BE33B84DF73DEAE9 /* [CP] Embed Pods Frameworks */ = {
			isa = PBXShellScriptBuildPhase;
			buildActionMask = 2147483647;
			files = (
			);
			inputPaths = (
				"${SRCROOT}/Pods/Target Support Files/Pods-Study-ReSwift/Pods-Study-ReSwift-frameworks.sh",
				"${BUILT_PRODUCTS_DIR}/ReSwift/ReSwift.framework",
			);
			name = "[CP] Embed Pods Frameworks";
			outputPaths = (
				"${TARGET_BUILD_DIR}/${FRAMEWORKS_FOLDER_PATH}/ReSwift.framework",
			);
			runOnlyForDeploymentPostprocessing = 0;
			shellPath = /bin/sh;
			shellScript = "\"${SRCROOT}/Pods/Target Support Files/Pods-Study-ReSwift/Pods-Study-ReSwift-frameworks.sh\"\n";
			showEnvVarsInLog = 0;
		};
		A57AA28347F2E52DC1EA38DE /* [CP] Check Pods Manifest.lock */ = {
			isa = PBXShellScriptBuildPhase;
			buildActionMask = 2147483647;
			files = (
			);
			inputPaths = (
				"${PODS_PODFILE_DIR_PATH}/Podfile.lock",
				"${PODS_ROOT}/Manifest.lock",
			);
			name = "[CP] Check Pods Manifest.lock";
			outputPaths = (
				"$(DERIVED_FILE_DIR)/Pods-Study-ReSwift-checkManifestLockResult.txt",
			);
			runOnlyForDeploymentPostprocessing = 0;
			shellPath = /bin/sh;
			shellScript = "diff \"${PODS_PODFILE_DIR_PATH}/Podfile.lock\" \"${PODS_ROOT}/Manifest.lock\" > /dev/null\nif [ $? != 0 ] ; then\n    # print error to STDERR\n    echo \"error: The sandbox is not in sync with the Podfile.lock. Run 'pod install' or update your CocoaPods installation.\" >&2\n    exit 1\nfi\n# This output is used by Xcode 'outputs' to avoid re-running this script phase.\necho \"SUCCESS\" > \"${SCRIPT_OUTPUT_FILE_0}\"\n";
			showEnvVarsInLog = 0;
		};
/* End PBXShellScriptBuildPhase section */

/* Begin PBXSourcesBuildPhase section */
		19F98C1E20EF5FC0000BE9C5 /* Sources */ = {
			isa = PBXSourcesBuildPhase;
			buildActionMask = 2147483647;
			files = (
				19F98C2820EF5FC0000BE9C5 /* ViewController.swift in Sources */,
				19F98C2620EF5FC0000BE9C5 /* AppDelegate.swift in Sources */,
				19F98C3820EF605E000BE9C5 /* State.swift in Sources */,
			);
			runOnlyForDeploymentPostprocessing = 0;
		};
		19F98C3920EF667B000BE9C5 /* Sources */ = {
			isa = PBXSourcesBuildPhase;
			buildActionMask = 2147483647;
			files = (
				19F98C4020EF667B000BE9C5 /* Study_ReSwiftTests.swift in Sources */,
			);
			runOnlyForDeploymentPostprocessing = 0;
		};
/* End PBXSourcesBuildPhase section */

/* Begin PBXTargetDependency section */
		19F98C4320EF667B000BE9C5 /* PBXTargetDependency */ = {
			isa = PBXTargetDependency;
			target = 19F98C2120EF5FC0000BE9C5 /* Study-ReSwift */;
			targetProxy = 19F98C4220EF667B000BE9C5 /* PBXContainerItemProxy */;
		};
/* End PBXTargetDependency section */

/* Begin PBXVariantGroup section */
		19F98C2920EF5FC0000BE9C5 /* Main.storyboard */ = {
			isa = PBXVariantGroup;
			children = (
				19F98C2A20EF5FC0000BE9C5 /* Base */,
			);
			name = Main.storyboard;
			sourceTree = "<group>";
		};
		19F98C2E20EF5FC1000BE9C5 /* LaunchScreen.storyboard */ = {
			isa = PBXVariantGroup;
			children = (
				19F98C2F20EF5FC1000BE9C5 /* Base */,
			);
			name = LaunchScreen.storyboard;
			sourceTree = "<group>";
		};
/* End PBXVariantGroup section */

/* Begin XCBuildConfiguration section */
		19F98C3220EF5FC1000BE9C5 /* Debug */ = {
			isa = XCBuildConfiguration;
			baseConfigurationReference = 19B4D98AFDA307A0426A6805 /* Pods-Study-ReSwift.debug.xcconfig */;
			buildSettings = {
				ALWAYS_SEARCH_USER_PATHS = NO;
				CLANG_ANALYZER_NONNULL = YES;
				CLANG_ANALYZER_NUMBER_OBJECT_CONVERSION = YES_AGGRESSIVE;
				CLANG_CXX_LANGUAGE_STANDARD = "gnu++14";
				CLANG_CXX_LIBRARY = "libc++";
				CLANG_ENABLE_MODULES = YES;
				CLANG_ENABLE_OBJC_ARC = YES;
				CLANG_ENABLE_OBJC_WEAK = YES;
				CLANG_WARN_BLOCK_CAPTURE_AUTORELEASING = YES;
				CLANG_WARN_BOOL_CONVERSION = YES;
				CLANG_WARN_COMMA = YES;
				CLANG_WARN_CONSTANT_CONVERSION = YES;
				CLANG_WARN_DEPRECATED_OBJC_IMPLEMENTATIONS = YES;
				CLANG_WARN_DIRECT_OBJC_ISA_USAGE = YES_ERROR;
				CLANG_WARN_DOCUMENTATION_COMMENTS = YES;
				CLANG_WARN_EMPTY_BODY = YES;
				CLANG_WARN_ENUM_CONVERSION = YES;
				CLANG_WARN_INFINITE_RECURSION = YES;
				CLANG_WARN_INT_CONVERSION = YES;
				CLANG_WARN_NON_LITERAL_NULL_CONVERSION = YES;
				CLANG_WARN_OBJC_IMPLICIT_RETAIN_SELF = YES;
				CLANG_WARN_OBJC_LITERAL_CONVERSION = YES;
				CLANG_WARN_OBJC_ROOT_CLASS = YES_ERROR;
				CLANG_WARN_RANGE_LOOP_ANALYSIS = YES;
				CLANG_WARN_STRICT_PROTOTYPES = YES;
				CLANG_WARN_SUSPICIOUS_MOVE = YES;
				CLANG_WARN_UNGUARDED_AVAILABILITY = YES_AGGRESSIVE;
				CLANG_WARN_UNREACHABLE_CODE = YES;
				CLANG_WARN__DUPLICATE_METHOD_MATCH = YES;
				CODE_SIGN_IDENTITY = "iPhone Developer";
				COPY_PHASE_STRIP = NO;
				DEBUG_INFORMATION_FORMAT = dwarf;
				ENABLE_STRICT_OBJC_MSGSEND = YES;
				ENABLE_TESTABILITY = YES;
				GCC_C_LANGUAGE_STANDARD = gnu11;
				GCC_DYNAMIC_NO_PIC = NO;
				GCC_NO_COMMON_BLOCKS = YES;
				GCC_OPTIMIZATION_LEVEL = 0;
				GCC_PREPROCESSOR_DEFINITIONS = (
					"DEBUG=1",
					"$(inherited)",
				);
				GCC_WARN_64_TO_32_BIT_CONVERSION = YES;
				GCC_WARN_ABOUT_RETURN_TYPE = YES_ERROR;
				GCC_WARN_UNDECLARED_SELECTOR = YES;
				GCC_WARN_UNINITIALIZED_AUTOS = YES_AGGRESSIVE;
				GCC_WARN_UNUSED_FUNCTION = YES;
				GCC_WARN_UNUSED_VARIABLE = YES;
				IPHONEOS_DEPLOYMENT_TARGET = 11.4;
				MTL_ENABLE_DEBUG_INFO = YES;
				ONLY_ACTIVE_ARCH = YES;
				SDKROOT = iphoneos;
				SWIFT_ACTIVE_COMPILATION_CONDITIONS = DEBUG;
				SWIFT_OPTIMIZATION_LEVEL = "-Onone";
			};
			name = Debug;
		};
		19F98C3320EF5FC1000BE9C5 /* Release */ = {
			isa = XCBuildConfiguration;
			buildSettings = {
				ALWAYS_SEARCH_USER_PATHS = NO;
				CLANG_ANALYZER_NONNULL = YES;
				CLANG_ANALYZER_NUMBER_OBJECT_CONVERSION = YES_AGGRESSIVE;
				CLANG_CXX_LANGUAGE_STANDARD = "gnu++14";
				CLANG_CXX_LIBRARY = "libc++";
				CLANG_ENABLE_MODULES = YES;
				CLANG_ENABLE_OBJC_ARC = YES;
				CLANG_ENABLE_OBJC_WEAK = YES;
				CLANG_WARN_BLOCK_CAPTURE_AUTORELEASING = YES;
				CLANG_WARN_BOOL_CONVERSION = YES;
				CLANG_WARN_COMMA = YES;
				CLANG_WARN_CONSTANT_CONVERSION = YES;
				CLANG_WARN_DEPRECATED_OBJC_IMPLEMENTATIONS = YES;
				CLANG_WARN_DIRECT_OBJC_ISA_USAGE = YES_ERROR;
				CLANG_WARN_DOCUMENTATION_COMMENTS = YES;
				CLANG_WARN_EMPTY_BODY = YES;
				CLANG_WARN_ENUM_CONVERSION = YES;
				CLANG_WARN_INFINITE_RECURSION = YES;
				CLANG_WARN_INT_CONVERSION = YES;
				CLANG_WARN_NON_LITERAL_NULL_CONVERSION = YES;
				CLANG_WARN_OBJC_IMPLICIT_RETAIN_SELF = YES;
				CLANG_WARN_OBJC_LITERAL_CONVERSION = YES;
				CLANG_WARN_OBJC_ROOT_CLASS = YES_ERROR;
				CLANG_WARN_RANGE_LOOP_ANALYSIS = YES;
				CLANG_WARN_STRICT_PROTOTYPES = YES;
				CLANG_WARN_SUSPICIOUS_MOVE = YES;
				CLANG_WARN_UNGUARDED_AVAILABILITY = YES_AGGRESSIVE;
				CLANG_WARN_UNREACHABLE_CODE = YES;
				CLANG_WARN__DUPLICATE_METHOD_MATCH = YES;
				CODE_SIGN_IDENTITY = "iPhone Developer";
				COPY_PHASE_STRIP = NO;
				DEBUG_INFORMATION_FORMAT = "dwarf-with-dsym";
				ENABLE_NS_ASSERTIONS = NO;
				ENABLE_STRICT_OBJC_MSGSEND = YES;
				GCC_C_LANGUAGE_STANDARD = gnu11;
				GCC_NO_COMMON_BLOCKS = YES;
				GCC_WARN_64_TO_32_BIT_CONVERSION = YES;
				GCC_WARN_ABOUT_RETURN_TYPE = YES_ERROR;
				GCC_WARN_UNDECLARED_SELECTOR = YES;
				GCC_WARN_UNINITIALIZED_AUTOS = YES_AGGRESSIVE;
				GCC_WARN_UNUSED_FUNCTION = YES;
				GCC_WARN_UNUSED_VARIABLE = YES;
				IPHONEOS_DEPLOYMENT_TARGET = 11.4;
				MTL_ENABLE_DEBUG_INFO = NO;
				SDKROOT = iphoneos;
				SWIFT_COMPILATION_MODE = wholemodule;
				SWIFT_OPTIMIZATION_LEVEL = "-O";
				VALIDATE_PRODUCT = YES;
			};
			name = Release;
		};
		19F98C3520EF5FC1000BE9C5 /* Debug */ = {
			isa = XCBuildConfiguration;
			baseConfigurationReference = 19B4D98AFDA307A0426A6805 /* Pods-Study-ReSwift.debug.xcconfig */;
			buildSettings = {
				ASSETCATALOG_COMPILER_APPICON_NAME = AppIcon;
				CODE_SIGN_STYLE = Automatic;
				DEVELOPMENT_TEAM = FRJG63497R;
				INFOPLIST_FILE = "Study-ReSwift/Info.plist";
				LD_RUNPATH_SEARCH_PATHS = (
					"$(inherited)",
					"@executable_path/Frameworks",
				);
				PRODUCT_BUNDLE_IDENTIFIER = "com.daybysay.Study-ReSwift";
				PRODUCT_NAME = "$(TARGET_NAME)";
				SWIFT_VERSION = 4.0;
				TARGETED_DEVICE_FAMILY = "1,2";
			};
			name = Debug;
		};
		19F98C3620EF5FC1000BE9C5 /* Release */ = {
			isa = XCBuildConfiguration;
			baseConfigurationReference = C55154323F26F1606205F4B5 /* Pods-Study-ReSwift.release.xcconfig */;
			buildSettings = {
				ASSETCATALOG_COMPILER_APPICON_NAME = AppIcon;
				CODE_SIGN_STYLE = Automatic;
				DEVELOPMENT_TEAM = FRJG63497R;
				INFOPLIST_FILE = "Study-ReSwift/Info.plist";
				LD_RUNPATH_SEARCH_PATHS = (
					"$(inherited)",
					"@executable_path/Frameworks",
				);
				PRODUCT_BUNDLE_IDENTIFIER = "com.daybysay.Study-ReSwift";
				PRODUCT_NAME = "$(TARGET_NAME)";
				SWIFT_VERSION = 4.0;
				TARGETED_DEVICE_FAMILY = "1,2";
			};
			name = Release;
		};
		19F98C4520EF667B000BE9C5 /* Debug */ = {
			isa = XCBuildConfiguration;
			baseConfigurationReference = 19B4D98AFDA307A0426A6805 /* Pods-Study-ReSwift.debug.xcconfig */;
			buildSettings = {
				BUNDLE_LOADER = "$(TEST_HOST)";
				CODE_SIGN_STYLE = Automatic;
				DEVELOPMENT_TEAM = FRJG63497R;
				INFOPLIST_FILE = "Study-ReSwiftTests/Info.plist";
				LD_RUNPATH_SEARCH_PATHS = (
					"$(inherited)",
					"@executable_path/Frameworks",
					"@loader_path/Frameworks",
				);
				PRODUCT_BUNDLE_IDENTIFIER = "com.daybysay.Study-ReSwiftTests";
				PRODUCT_NAME = "$(TARGET_NAME)";
				SWIFT_VERSION = 4.0;
				TARGETED_DEVICE_FAMILY = "1,2";
				TEST_HOST = "$(BUILT_PRODUCTS_DIR)/Study-ReSwift.app/Study-ReSwift";
			};
			name = Debug;
		};
		19F98C4620EF667B000BE9C5 /* Release */ = {
			isa = XCBuildConfiguration;
			buildSettings = {
				BUNDLE_LOADER = "$(TEST_HOST)";
				CODE_SIGN_STYLE = Automatic;
				DEVELOPMENT_TEAM = FRJG63497R;
				INFOPLIST_FILE = "Study-ReSwiftTests/Info.plist";
				LD_RUNPATH_SEARCH_PATHS = (
					"$(inherited)",
					"@executable_path/Frameworks",
					"@loader_path/Frameworks",
				);
				PRODUCT_BUNDLE_IDENTIFIER = "com.daybysay.Study-ReSwiftTests";
				PRODUCT_NAME = "$(TARGET_NAME)";
				SWIFT_VERSION = 4.0;
				TARGETED_DEVICE_FAMILY = "1,2";
				TEST_HOST = "$(BUILT_PRODUCTS_DIR)/Study-ReSwift.app/Study-ReSwift";
			};
			name = Release;
		};
/* End XCBuildConfiguration section */

/* Begin XCConfigurationList section */
		19F98C1D20EF5FC0000BE9C5 /* Build configuration list for PBXProject "Study-ReSwift" */ = {
			isa = XCConfigurationList;
			buildConfigurations = (
				19F98C3220EF5FC1000BE9C5 /* Debug */,
				19F98C3320EF5FC1000BE9C5 /* Release */,
			);
			defaultConfigurationIsVisible = 0;
			defaultConfigurationName = Release;
		};
		19F98C3420EF5FC1000BE9C5 /* Build configuration list for PBXNativeTarget "Study-ReSwift" */ = {
			isa = XCConfigurationList;
			buildConfigurations = (
				19F98C3520EF5FC1000BE9C5 /* Debug */,
				19F98C3620EF5FC1000BE9C5 /* Release */,
			);
			defaultConfigurationIsVisible = 0;
			defaultConfigurationName = Release;
		};
		19F98C4420EF667B000BE9C5 /* Build configuration list for PBXNativeTarget "Study-ReSwiftTests" */ = {
			isa = XCConfigurationList;
			buildConfigurations = (
				19F98C4520EF667B000BE9C5 /* Debug */,
				19F98C4620EF667B000BE9C5 /* Release */,
			);
			defaultConfigurationIsVisible = 0;
			defaultConfigurationName = Release;
		};
/* End XCConfigurationList section */
	};
	rootObject = 19F98C1A20EF5FC0000BE9C5 /* Project object */;
}
